
Microsoft Visual Studio Solution File, Format Version 12.00
# Visual Studio Version 16
VisualStudioVersion = 16.0.31729.503
MinimumVisualStudioVersion = 10.0.40219.1
Project("{FAE04EC0-301F-11D3-BF4B-00C04F79EFBC}") = "ConsoleApp1", "ConsoleApp1\ConsoleApp1.csproj", "{78898F72-CE47-4943-A2E5-15AC4E7DC5BF}"
EndProject
Project("{FAE04EC0-301F-11D3-BF4B-00C04F79EFBC}") = "TestProject1", "TestProject1\TestProject1.csproj", "{7D416208-A68F-477D-B939-FF3B5FB6B4A0}"
EndProject
Global
	GlobalSection(SolutionConfigurationPlatforms) = preSolution
		Debug|Any CPU = Debug|Any CPU
		Release|Any CPU = Release|Any CPU
	EndGlobalSection
	GlobalSection(ProjectConfigurationPlatforms) = postSolution
		{78898F72-CE47-4943-A2E5-15AC4E7DC5BF}.Debug|Any CPU.ActiveCfg = Debug|Any CPU
		{78898F72-CE47-4943-A2E5-15AC4E7DC5BF}.Debug|Any CPU.Build.0 = Debug|Any CPU
		{78898F72-CE47-4943-A2E5-15AC4E7DC5BF}.Release|Any CPU.ActiveCfg = Release|Any CPU
		{78898F72-CE47-4943-A2E5-15AC4E7DC5BF}.Release|Any CPU.Build.0 = Release|Any CPU
		{7D416208-A68F-477D-B939-FF3B5FB6B4A0}.Debug|Any CPU.ActiveCfg = Debug|Any CPU
		{7D416208-A68F-477D-B939-FF3B5FB6B4A0}.Debug|Any CPU.Build.0 = Debug|Any CPU
		{7D416208-A68F-477D-B939-FF3B5FB6B4A0}.Release|Any CPU.ActiveCfg = Release|Any CPU
		{7D416208-A68F-477D-B939-FF3B5FB6B4A0}.Release|Any CPU.Build.0 = Release|Any CPU
	EndGlobalSection
	GlobalSection(SolutionProperties) = preSolution
		HideSolutionNode = FALSE
	EndGlobalSection
	GlobalSection(ExtensibilityGlobals) = postSolution
		SolutionGuid = {726D32C6-446A-4CA6-B9FB-EF8FCB33F648}
	EndGlobalSection
EndGlobal
